
Microsoft Visual Studio Solution File, Format Version 12.00
# Visual Studio 15
VisualStudioVersion = 15.0.28307.271
MinimumVisualStudioVersion = 10.0.40219.1
Project("{FAE04EC0-301F-11D3-BF4B-00C04F79EFBC}") = "HigurashiDaybreakLauncher", "HigurashiDaybreakLauncher\HigurashiDaybreakLauncher.csproj", "{C7E3E1AC-A22C-4C26-8BF8-61592C7A2CFF}"
EndProject
Global
	GlobalSection(SolutionConfigurationPlatforms) = preSolution
		Debug|Any CPU = Debug|Any CPU
		Release|Any CPU = Release|Any CPU
	EndGlobalSection
	GlobalSection(ProjectConfigurationPlatforms) = postSolution
		{C7E3E1AC-A22C-4C26-8BF8-61592C7A2CFF}.Debug|Any CPU.ActiveCfg = Debug|Any CPU
		{C7E3E1AC-A22C-4C26-8BF8-61592C7A2CFF}.Debug|Any CPU.Build.0 = Debug|Any CPU
		{C7E3E1AC-A22C-4C26-8BF8-61592C7A2CFF}.Release|Any CPU.ActiveCfg = Release|Any CPU
		{C7E3E1AC-A22C-4C26-8BF8-61592C7A2CFF}.Release|Any CPU.Build.0 = Release|Any CPU
	EndGlobalSection
	GlobalSection(SolutionProperties) = preSolution
		HideSolutionNode = FALSE
	EndGlobalSection
	GlobalSection(ExtensibilityGlobals) = postSolution
		SolutionGuid = {2E016EA0-0123-4F23-A864-9C1AD88F69E1}
	EndGlobalSection
EndGlobal
